{
  "version": 4,
  "terraform_version": "1.11.4",
  "serial": 23,
  "lineage": "cbff7d4c-5b82-3748-25c6-78d1b60381df",
  "outputs": {},
  "resources": [
    {
      "mode": "managed",
      "type": "google_artifact_registry_repository",
      "name": "godocker-docker-repo",
      "provider": "provider[\"registry.terraform.io/hashicorp/google\"]",
      "instances": [
        {
          "schema_version": 0,
          "attributes": {
            "cleanup_policies": [],
            "cleanup_policy_dry_run": false,
            "create_time": "2025-04-13T22:17:31.993105Z",
            "description": "godocker docker repository",
            "docker_config": [],
            "effective_labels": {
              "goog-terraform-provisioned": "true"
            },
            "format": "DOCKER",
            "id": "projects/godocker-456220/locations/europe-west1/repositories/godocker-repository",
            "kms_key_name": "",
            "labels": {},
            "location": "europe-west1",
            "maven_config": [],
            "mode": "STANDARD_REPOSITORY",
            "name": "godocker-repository",
            "project": "godocker-456220",
            "remote_repository_config": [],
            "repository_id": "godocker-repository",
            "terraform_labels": {
              "goog-terraform-provisioned": "true"
            },
            "timeouts": null,
            "update_time": "2025-04-14T21:01:18.492289Z",
            "virtual_repository_config": [],
            "vulnerability_scanning_config": [
              {
                "enablement_config": "",
                "enablement_state": "SCANNING_DISABLED",
                "enablement_state_reason": "API containerscanning.googleapis.com is not enabled."
              }
            ]
          },
          "sensitive_attributes": [],
          "private": "eyJlMmJmYjczMC1lY2FhLTExZTYtOGY4OC0zNDM2M2JjN2M0YzAiOnsiY3JlYXRlIjoxMjAwMDAwMDAwMDAwLCJkZWxldGUiOjEyMDAwMDAwMDAwMDAsInVwZGF0ZSI6MTIwMDAwMDAwMDAwMH19"
        }
      ]
    },
    {
      "mode": "managed",
      "type": "google_cloud_run_v2_service",
      "name": "godocker-api-service",
      "provider": "provider[\"registry.terraform.io/hashicorp/google\"]",
      "instances": [
        {
          "schema_version": 0,
          "attributes": {
            "annotations": {},
            "binary_authorization": [],
            "build_config": [],
            "client": "",
            "client_version": "",
            "conditions": [
              {
                "execution_reason": "",
                "last_transition_time": "2025-04-14T21:01:11.570479Z",
                "message": "",
                "reason": "",
                "revision_reason": "",
                "severity": "",
                "state": "CONDITION_SUCCEEDED",
                "type": "RoutesReady"
              },
              {
                "execution_reason": "",
                "last_transition_time": "2025-04-14T21:01:10.339290Z",
                "message": "",
                "reason": "",
                "revision_reason": "",
                "severity": "",
                "state": "CONDITION_SUCCEEDED",
                "type": "ConfigurationsReady"
              }
            ],
            "create_time": "2025-04-14T20:50:38.656482Z",
            "creator": "varun.jalandery@gmail.com",
            "custom_audiences": [],
            "delete_time": "",
            "deletion_protection": false,
            "description": "",
            "effective_annotations": {},
            "effective_labels": {
              "goog-terraform-provisioned": "true"
            },
            "etag": "\"CML19b8GEKDx6UM/cHJvamVjdHMvZ29kb2NrZXItNDU2MjIwL2xvY2F0aW9ucy9ldXJvcGUtd2VzdDEvc2VydmljZXMvZ29kb2NrZXItYXBpLXNlcnZpY2U\"",
            "expire_time": "",
            "generation": "5",
            "id": "projects/godocker-456220/locations/europe-west1/services/godocker-api-service",
            "ingress": "INGRESS_TRAFFIC_ALL",
            "invoker_iam_disabled": false,
            "labels": {},
            "last_modifier": "varun.jalandery@gmail.com",
            "latest_created_revision": "projects/godocker-456220/locations/europe-west1/services/godocker-api-service/revisions/godocker-api-service-00003-4f8",
            "latest_ready_revision": "projects/godocker-456220/locations/europe-west1/services/godocker-api-service/revisions/godocker-api-service-00003-4f8",
            "launch_stage": "GA",
            "location": "europe-west1",
            "name": "godocker-api-service",
            "observed_generation": "5",
            "project": "godocker-456220",
            "reconciling": false,
            "scaling": [],
            "template": [
              {
                "annotations": {},
                "containers": [
                  {
                    "args": [],
                    "base_image_uri": "",
                    "build_info": [],
                    "command": [],
                    "depends_on": [],
                    "env": [],
                    "image": "europe-west1-docker.pkg.dev/godocker-456220/godocker-repository/godocker-image",
                    "liveness_probe": [],
                    "name": "",
                    "ports": [
                      {
                        "container_port": 8080,
                        "name": "http1"
                      }
                    ],
                    "resources": [
                      {
                        "cpu_idle": false,
                        "limits": {
                          "cpu": "2",
                          "memory": "1024Mi"
                        },
                        "startup_cpu_boost": false
                      }
                    ],
                    "startup_probe": [
                      {
                        "failure_threshold": 5,
                        "grpc": [],
                        "http_get": [
                          {
                            "http_headers": [
                              {
                                "name": "Access-Control-Allow-Origin",
                                "value": "*"
                              }
                            ],
                            "path": "/health",
                            "port": 8080
                          }
                        ],
                        "initial_delay_seconds": 10,
                        "period_seconds": 3,
                        "tcp_socket": [],
                        "timeout_seconds": 3
                      }
                    ],
                    "volume_mounts": [],
                    "working_dir": ""
                  }
                ],
                "encryption_key": "",
                "execution_environment": "",
                "gpu_zonal_redundancy_disabled": false,
                "labels": {},
                "max_instance_request_concurrency": 160,
                "node_selector": [],
                "revision": "",
                "scaling": [
                  {
                    "max_instance_count": 50,
                    "min_instance_count": 0
                  }
                ],
                "service_account": "325243896748-compute@developer.gserviceaccount.com",
                "session_affinity": false,
                "timeout": "300s",
                "volumes": [],
                "vpc_access": []
              }
            ],
            "terminal_condition": [
              {
                "execution_reason": "",
                "last_transition_time": "2025-04-14T21:01:11.600826Z",
                "message": "",
                "reason": "",
                "revision_reason": "",
                "severity": "",
                "state": "CONDITION_SUCCEEDED",
                "type": "Ready"
              }
            ],
            "terraform_labels": {
              "goog-terraform-provisioned": "true"
            },
            "timeouts": null,
            "traffic": [
              {
                "percent": 100,
                "revision": "",
                "tag": "",
                "type": "TRAFFIC_TARGET_ALLOCATION_TYPE_LATEST"
              }
            ],
            "traffic_statuses": [
              {
                "percent": 100,
                "revision": "",
                "tag": "",
                "type": "TRAFFIC_TARGET_ALLOCATION_TYPE_LATEST",
                "uri": ""
              }
            ],
            "uid": "e43673b4-820d-4268-a081-0df46ccecf74",
            "update_time": "2025-04-14T21:14:42.142244Z",
            "uri": "https://godocker-api-service-jou2ncjijq-ew.a.run.app",
            "urls": [
              "https://godocker-api-service-325243896748.europe-west1.run.app",
              "https://godocker-api-service-jou2ncjijq-ew.a.run.app"
            ]
          },
          "sensitive_attributes": [],
          "private": "eyJlMmJmYjczMC1lY2FhLTExZTYtOGY4OC0zNDM2M2JjN2M0YzAiOnsiY3JlYXRlIjoxMjAwMDAwMDAwMDAwLCJkZWxldGUiOjEyMDAwMDAwMDAwMDAsInVwZGF0ZSI6MTIwMDAwMDAwMDAwMH19"
        }
      ]
    },
    {
      "mode": "managed",
      "type": "google_secret_manager_secret",
      "name": "github-secret-godocker",
      "provider": "provider[\"registry.terraform.io/hashicorp/google\"]",
      "instances": [
        {
          "schema_version": 0,
          "attributes": {
            "annotations": null,
            "create_time": "2025-04-14T21:40:34.828353Z",
            "effective_annotations": {},
            "effective_labels": {
              "goog-terraform-provisioned": "true",
              "label": "github-token-godocker"
            },
            "expire_time": "",
            "id": "projects/godocker-456220/secrets/github-secret-godocker",
            "labels": {
              "label": "github-token-godocker"
            },
            "name": "projects/325243896748/secrets/github-secret-godocker",
            "project": "godocker-456220",
            "replication": [
              {
                "auto": [],
                "user_managed": [
                  {
                    "replicas": [
                      {
                        "customer_managed_encryption": [],
                        "location": "europe-west1"
                      }
                    ]
                  }
                ]
              }
            ],
            "rotation": [],
            "secret_id": "github-secret-godocker",
            "terraform_labels": {
              "goog-terraform-provisioned": "true",
              "label": "github-token-godocker"
            },
            "timeouts": null,
            "topics": [],
            "ttl": null,
            "version_aliases": null,
            "version_destroy_ttl": ""
          },
          "sensitive_attributes": [],
          "private": "eyJlMmJmYjczMC1lY2FhLTExZTYtOGY4OC0zNDM2M2JjN2M0YzAiOnsiY3JlYXRlIjoxMjAwMDAwMDAwMDAwLCJkZWxldGUiOjEyMDAwMDAwMDAwMDAsInVwZGF0ZSI6MTIwMDAwMDAwMDAwMH19"
        }
      ]
    }
  ],
  "check_results": null
}
